version = 1
revision = 2
requires-python = ">=3.12"

[[package]]
name = "biomate"
version = "0.1.0"
source = { editable = "." }
dependencies = [
    { name = "dnaio" },
    { name = "numpy" },
    { name = "polars" },
    { name = "regex" },
    { name = "rich" },
]

[package.dev-dependencies]
dev = [
    { name = "ruff" },
]

[package.metadata]
requires-dist = [
    { name = "dnaio", specifier = ">=1.2.3" },
    { name = "numpy", specifier = ">=2.3.0" },
    { name = "polars", specifier = ">=1.30.0" },
    { name = "regex", specifier = ">=2024.11.6" },
    { name = "rich", specifier = ">=14.0.0" },
]

[package.metadata.requires-dev]
dev = [{ name = "ruff", specifier = ">=0.11.11" }]

[[package]]
name = "dnaio"
version = "1.2.3"
source = { registry = "https://pypi.org/simple" }
dependencies = [
    { name = "xopen" },
]
sdist = { url = "https://files.pythonhosted.org/packages/ca/23/1afaeadecfe4712769db4b609ca4aeb4246f6a47a9ab39801cb6a5aa8c2e/dnaio-1.2.3.tar.gz", hash = "sha256:aad456d9f6272339958b2c5af32fd64d77a50aca12e394e7a143b4129d49b0b9", size = 60307, upload-time = "2024-11-12T07:50:57.109Z" }
wheels = [
    { url = "https://files.pythonhosted.org/packages/23/13/421faa3b909df1a74dbaae841c83e9cf60be9e4d2abbf75b8174d564dc21/dnaio-1.2.3-cp312-cp312-macosx_10_13_x86_64.whl", hash = "sha256:68a1c0acd6b5e7ca8bb6e6b29156f3e140c5fbbdfca9976eae64a709e95f0888", size = 93278, upload-time = "2024-11-12T07:50:43.424Z" },
    { url = "https://files.pythonhosted.org/packages/00/b5/13d00b6346d2e0771f51905299a4ae40ba5525fa5660da6345ef3225fff6/dnaio-1.2.3-cp312-cp312-macosx_11_0_arm64.whl", hash = "sha256:f43d36490361bf35a90b0735fe235a423337cfa96d291f50e3cbf6ad3b2d26a2", size = 87895, upload-time = "2024-11-12T07:50:44.818Z" },
    { url = "https://files.pythonhosted.org/packages/88/d2/07d75bdafa79502638266304e6d8f1e8eb51d16503041e48951d32582a9a/dnaio-1.2.3-cp312-cp312-manylinux_2_17_x86_64.manylinux2014_x86_64.whl", hash = "sha256:58e7fdb533d3794fb26f49b0c84f3b97c2a85be8cad6078abdfd76726b4f1109", size = 106306, upload-time = "2024-11-12T07:50:46.326Z" },
    { url = "https://files.pythonhosted.org/packages/a2/60/41e30a9079315380128d9a89e17d3995a20d0d836d99a11d382685f55fc0/dnaio-1.2.3-cp312-cp312-win_amd64.whl", hash = "sha256:027f1510cc23dd5e7bdab79101b5d3f052176b7ea9f583149812cc2c37cc02cb", size = 84935, upload-time = "2024-11-12T07:50:47.246Z" },
    { url = "https://files.pythonhosted.org/packages/b9/77/3a8cf4df3395d57c153dbbd6be98553aca2d57863036db4bccabf63b9915/dnaio-1.2.3-cp313-cp313-macosx_10_13_x86_64.whl", hash = "sha256:a7e0a9e66ccae3ab936b80305a27b29a282e8b0756d000fa5ce88cb782cb8a7a", size = 91914, upload-time = "2024-11-12T07:50:48.746Z" },
    { url = "https://files.pythonhosted.org/packages/b4/cb/e3f281981f585684cbb66470ce325f2f35792b7d7d5922e13b3eee6cbaf7/dnaio-1.2.3-cp313-cp313-macosx_11_0_arm64.whl", hash = "sha256:29a198dd72360c6b94cd81ff8885df5236479902c1bf3b5d0528999213d2a64d", size = 87014, upload-time = "2024-11-12T07:50:49.673Z" },
    { url = "https://files.pythonhosted.org/packages/98/7b/915cff94cafad8f48ad783c2662935019373c0d9f2b2597a21ac8de1ab11/dnaio-1.2.3-cp313-cp313-manylinux_2_17_x86_64.manylinux2014_x86_64.whl", hash = "sha256:54d831754ea8f068ddde43e58ba3b7a47128298b3996614f343709084bddb517", size = 105950, upload-time = "2024-11-12T07:50:50.645Z" },
    { url = "https://files.pythonhosted.org/packages/64/16/a16271fe647795d18d31b02370e9caf7f3f7004aac657fcf42adc601cc71/dnaio-1.2.3-cp313-cp313-win_amd64.whl", hash = "sha256:acc683a09afd9aef6ffa1d6c76a60a66830f82405d3320330e54565a847b628b", size = 84957, upload-time = "2024-11-12T07:50:51.513Z" },
]

[[package]]
name = "isal"
version = "1.7.2"
source = { registry = "https://pypi.org/simple" }
sdist = { url = "https://files.pythonhosted.org/packages/d2/20/616a1c63c73a21d9f6405e23162a1363c45bfaab9b0377bf2c2416cfdc27/isal-1.7.2.tar.gz", hash = "sha256:c6a4f6652590ca238a864648f9933b366fa5ae664df56c5e5862ff29dd0c69db", size = 785694, upload-time = "2025-03-05T12:11:56.839Z" }
wheels = [
    { url = "https://files.pythonhosted.org/packages/63/63/d1b900ed9ff8a5170ef0c7afa9b1bc985cfa4fe52cf69c71835684faaa61/isal-1.7.2-cp312-cp312-macosx_10_13_x86_64.whl", hash = "sha256:e5d51dafe103417183d56a921f8c204800b68221ea54cf300e555c61a644d0d1", size = 240367, upload-time = "2025-03-05T12:11:25.133Z" },
    { url = "https://files.pythonhosted.org/packages/e4/75/5ce418d10ccd433d7ce9b39f49c3d83f4864835593d46ab34bd50ec7a724/isal-1.7.2-cp312-cp312-macosx_11_0_arm64.whl", hash = "sha256:2b1574aa9607d6f3f663b5221f062b5c12f0938a5f594cf7ab2f253cd84636fb", size = 193172, upload-time = "2025-03-05T12:08:50.085Z" },
    { url = "https://files.pythonhosted.org/packages/21/cc/f19b8a2287190abd6d2c8fd0c7ed3e1861e355d47a350524897ca529858b/isal-1.7.2-cp312-cp312-manylinux_2_17_aarch64.manylinux2014_aarch64.whl", hash = "sha256:118c24a3be0427f51dc332d2600a557ab0ab9156798d7572ec3260bd5cdd893a", size = 234088, upload-time = "2025-03-05T12:43:58.565Z" },
    { url = "https://files.pythonhosted.org/packages/c9/dd/0f154d7a88d106b12bafa576e0d442952da9b25f8a81c46a4af1282d43d7/isal-1.7.2-cp312-cp312-manylinux_2_17_x86_64.manylinux2014_x86_64.whl", hash = "sha256:e4c126cbe046bc7a4a10692ed306e9533e4b1c6672443eee21a20482a730c341", size = 261852, upload-time = "2025-03-05T12:11:38.97Z" },
    { url = "https://files.pythonhosted.org/packages/a7/fa/34cee56476291d7c656763d81e99a6d806438b4d17258a88d4187d225e97/isal-1.7.2-cp312-cp312-musllinux_1_2_aarch64.whl", hash = "sha256:d9597c8c21ba182fda004b6c067de776b2fb31eac2f60b62bc5e0f8dd71a9f0a", size = 236512, upload-time = "2025-03-05T12:44:00.324Z" },
    { url = "https://files.pythonhosted.org/packages/88/bd/e805376fb476d00ac1fcf2a096baab26a659291e29a730c368dc27d6583b/isal-1.7.2-cp312-cp312-musllinux_1_2_x86_64.whl", hash = "sha256:b6dbb7accc8526cd164eacffec3c117d2a9ff4b03655838346378bf55552c691", size = 268437, upload-time = "2025-03-05T12:11:41.861Z" },
    { url = "https://files.pythonhosted.org/packages/d9/a0/9f62d23627ae94a12982d7d777f57bd1dc2c5f3f2480bcc8839d0b2ca9f7/isal-1.7.2-cp312-cp312-win_amd64.whl", hash = "sha256:28540bcb829e4fb7b29fc6842dc48f6d1b7a80704199f642653cddb4a4d9e23e", size = 202712, upload-time = "2025-03-05T12:18:28.514Z" },
    { url = "https://files.pythonhosted.org/packages/26/4a/387e3f00d823b5610e50ef691e04d698d0ee1a6818f67089f6aa284c59f4/isal-1.7.2-cp313-cp313-macosx_10_13_x86_64.whl", hash = "sha256:e8a61f86103610e84e31969af3c7fd2e679481a7b7bb9df3afa80a13e0bb62ce", size = 240331, upload-time = "2025-03-05T12:11:26.244Z" },
    { url = "https://files.pythonhosted.org/packages/7c/16/f6f691bac7282c25053ad362a52e6345edeb2615a2718640c55c8bba99f3/isal-1.7.2-cp313-cp313-macosx_11_0_arm64.whl", hash = "sha256:ba30d550a6f651c1c72234c49afe7f6e9c3bebc7299df207e67d3ff381300f37", size = 193164, upload-time = "2025-03-05T12:08:51.882Z" },
    { url = "https://files.pythonhosted.org/packages/0d/24/73c1b12146d3d71123a4acb1acfc047f72abe21e64e6f6a7b30e6c04fb3d/isal-1.7.2-cp313-cp313-manylinux_2_17_aarch64.manylinux2014_aarch64.whl", hash = "sha256:fdfed3a5e93f3e0fc75e66d4fcdea481351f7de75b4e74cdb5153cbaf5abfeca", size = 234042, upload-time = "2025-03-05T12:44:01.787Z" },
    { url = "https://files.pythonhosted.org/packages/be/5d/b5069c2c57315e7181438da795b87a4db4672dea38114cc68c415793945a/isal-1.7.2-cp313-cp313-manylinux_2_17_x86_64.manylinux2014_x86_64.whl", hash = "sha256:dc05ecfe3c2443cb43022de26a46cb134c3b24b353cece5b2d95a5d399490686", size = 261861, upload-time = "2025-03-05T12:11:43.91Z" },
    { url = "https://files.pythonhosted.org/packages/e8/db/2d7293fb2a35904781acd645d7528c7eaf3e40255247109380fd102ed57c/isal-1.7.2-cp313-cp313-musllinux_1_2_aarch64.whl", hash = "sha256:39f823814eefe7565cc371b6ac94227ef83f3bf7c6177f50a9b80e434239b8db", size = 236496, upload-time = "2025-03-05T12:44:03.16Z" },
    { url = "https://files.pythonhosted.org/packages/c1/c6/a77866bb3c2bd06786e998727020078a49145f89516b6065f38914a288fc/isal-1.7.2-cp313-cp313-musllinux_1_2_x86_64.whl", hash = "sha256:c4ae4d8f51fb91a225ad0e1f1f76d338e5b47329526013c0f5e7a5055d98eec0", size = 268405, upload-time = "2025-03-05T12:11:45.056Z" },
    { url = "https://files.pythonhosted.org/packages/6d/8e/90a665a9daece362466516980700e33fd6d89fd819c4660c75a79d3bf9c4/isal-1.7.2-cp313-cp313-win_amd64.whl", hash = "sha256:9be40fee8180aeb357fa3a10f326bd813bd9b19a31d4198b1e9c436052725d15", size = 202699, upload-time = "2025-03-05T12:18:30.405Z" },
]

[[package]]
name = "markdown-it-py"
version = "3.0.0"
source = { registry = "https://pypi.org/simple" }
dependencies = [
    { name = "mdurl" },
]
sdist = { url = "https://files.pythonhosted.org/packages/38/71/3b932df36c1a044d397a1f92d1cf91ee0a503d91e470cbd670aa66b07ed0/markdown-it-py-3.0.0.tar.gz", hash = "sha256:e3f60a94fa066dc52ec76661e37c851cb232d92f9886b15cb560aaada2df8feb", size = 74596, upload-time = "2023-06-03T06:41:14.443Z" }
wheels = [
    { url = "https://files.pythonhosted.org/packages/42/d7/1ec15b46af6af88f19b8e5ffea08fa375d433c998b8a7639e76935c14f1f/markdown_it_py-3.0.0-py3-none-any.whl", hash = "sha256:355216845c60bd96232cd8d8c40e8f9765cc86f46880e43a8fd22dc1a1a8cab1", size = 87528, upload-time = "2023-06-03T06:41:11.019Z" },
]

[[package]]
name = "mdurl"
version = "0.1.2"
source = { registry = "https://pypi.org/simple" }
sdist = { url = "https://files.pythonhosted.org/packages/d6/54/cfe61301667036ec958cb99bd3efefba235e65cdeb9c84d24a8293ba1d90/mdurl-0.1.2.tar.gz", hash = "sha256:bb413d29f5eea38f31dd4754dd7377d4465116fb207585f97bf925588687c1ba", size = 8729, upload-time = "2022-08-14T12:40:10.846Z" }
wheels = [
    { url = "https://files.pythonhosted.org/packages/b3/38/89ba8ad64ae25be8de66a6d463314cf1eb366222074cfda9ee839c56a4b4/mdurl-0.1.2-py3-none-any.whl", hash = "sha256:84008a41e51615a49fc9966191ff91509e3c40b939176e643fd50a5c2196b8f8", size = 9979, upload-time = "2022-08-14T12:40:09.779Z" },
]

[[package]]
name = "numpy"
version = "2.3.0"
source = { registry = "https://pypi.org/simple" }
sdist = { url = "https://files.pythonhosted.org/packages/f3/db/8e12381333aea300890829a0a36bfa738cac95475d88982d538725143fd9/numpy-2.3.0.tar.gz", hash = "sha256:581f87f9e9e9db2cba2141400e160e9dd644ee248788d6f90636eeb8fd9260a6", size = 20382813, upload-time = "2025-06-07T14:54:32.608Z" }
wheels = [
    { url = "https://files.pythonhosted.org/packages/89/59/9df493df81ac6f76e9f05cdbe013cdb0c9a37b434f6e594f5bd25e278908/numpy-2.3.0-cp312-cp312-macosx_10_13_x86_64.whl", hash = "sha256:389b85335838155a9076e9ad7f8fdba0827496ec2d2dc32ce69ce7898bde03ba", size = 20897025, upload-time = "2025-06-07T14:40:33.558Z" },
    { url = "https://files.pythonhosted.org/packages/2f/86/4ff04335901d6cf3a6bb9c748b0097546ae5af35e455ae9b962ebff4ecd7/numpy-2.3.0-cp312-cp312-macosx_11_0_arm64.whl", hash = "sha256:9498f60cd6bb8238d8eaf468a3d5bb031d34cd12556af53510f05fcf581c1b7e", size = 14129882, upload-time = "2025-06-07T14:40:55.034Z" },
    { url = "https://files.pythonhosted.org/packages/71/8d/a942cd4f959de7f08a79ab0c7e6cecb7431d5403dce78959a726f0f57aa1/numpy-2.3.0-cp312-cp312-macosx_14_0_arm64.whl", hash = "sha256:622a65d40d8eb427d8e722fd410ac3ad4958002f109230bc714fa551044ebae2", size = 5110181, upload-time = "2025-06-07T14:41:04.4Z" },
    { url = "https://files.pythonhosted.org/packages/86/5d/45850982efc7b2c839c5626fb67fbbc520d5b0d7c1ba1ae3651f2f74c296/numpy-2.3.0-cp312-cp312-macosx_14_0_x86_64.whl", hash = "sha256:b9446d9d8505aadadb686d51d838f2b6688c9e85636a0c3abaeb55ed54756459", size = 6647581, upload-time = "2025-06-07T14:41:14.695Z" },
    { url = "https://files.pythonhosted.org/packages/1a/c0/c871d4a83f93b00373d3eebe4b01525eee8ef10b623a335ec262b58f4dc1/numpy-2.3.0-cp312-cp312-manylinux_2_28_aarch64.whl", hash = "sha256:50080245365d75137a2bf46151e975de63146ae6d79f7e6bd5c0e85c9931d06a", size = 14262317, upload-time = "2025-06-07T14:41:35.862Z" },
    { url = "https://files.pythonhosted.org/packages/b7/f6/bc47f5fa666d5ff4145254f9e618d56e6a4ef9b874654ca74c19113bb538/numpy-2.3.0-cp312-cp312-manylinux_2_28_x86_64.whl", hash = "sha256:c24bb4113c66936eeaa0dc1e47c74770453d34f46ee07ae4efd853a2ed1ad10a", size = 16633919, upload-time = "2025-06-07T14:42:00.622Z" },
    { url = "https://files.pythonhosted.org/packages/f5/b4/65f48009ca0c9b76df5f404fccdea5a985a1bb2e34e97f21a17d9ad1a4ba/numpy-2.3.0-cp312-cp312-musllinux_1_2_aarch64.whl", hash = "sha256:4d8d294287fdf685281e671886c6dcdf0291a7c19db3e5cb4178d07ccf6ecc67", size = 15567651, upload-time = "2025-06-07T14:42:24.429Z" },
    { url = "https://files.pythonhosted.org/packages/f1/62/5367855a2018578e9334ed08252ef67cc302e53edc869666f71641cad40b/numpy-2.3.0-cp312-cp312-musllinux_1_2_x86_64.whl", hash = "sha256:6295f81f093b7f5769d1728a6bd8bf7466de2adfa771ede944ce6711382b89dc", size = 18361723, upload-time = "2025-06-07T14:42:51.167Z" },
    { url = "https://files.pythonhosted.org/packages/d4/75/5baed8cd867eabee8aad1e74d7197d73971d6a3d40c821f1848b8fab8b84/numpy-2.3.0-cp312-cp312-win32.whl", hash = "sha256:e6648078bdd974ef5d15cecc31b0c410e2e24178a6e10bf511e0557eed0f2570", size = 6318285, upload-time = "2025-06-07T14:43:02.052Z" },
    { url = "https://files.pythonhosted.org/packages/bc/49/d5781eaa1a15acb3b3a3f49dc9e2ff18d92d0ce5c2976f4ab5c0a7360250/numpy-2.3.0-cp312-cp312-win_amd64.whl", hash = "sha256:0898c67a58cdaaf29994bc0e2c65230fd4de0ac40afaf1584ed0b02cd74c6fdd", size = 12732594, upload-time = "2025-06-07T14:43:21.071Z" },
    { url = "https://files.pythonhosted.org/packages/c2/1c/6d343e030815c7c97a1f9fbad00211b47717c7fe446834c224bd5311e6f1/numpy-2.3.0-cp312-cp312-win_arm64.whl", hash = "sha256:bd8df082b6c4695753ad6193018c05aac465d634834dca47a3ae06d4bb22d9ea", size = 9891498, upload-time = "2025-06-07T14:43:36.332Z" },
    { url = "https://files.pythonhosted.org/packages/73/fc/1d67f751fd4dbafc5780244fe699bc4084268bad44b7c5deb0492473127b/numpy-2.3.0-cp313-cp313-macosx_10_13_x86_64.whl", hash = "sha256:5754ab5595bfa2c2387d241296e0381c21f44a4b90a776c3c1d39eede13a746a", size = 20889633, upload-time = "2025-06-07T14:44:06.839Z" },
    { url = "https://files.pythonhosted.org/packages/e8/95/73ffdb69e5c3f19ec4530f8924c4386e7ba097efc94b9c0aff607178ad94/numpy-2.3.0-cp313-cp313-macosx_11_0_arm64.whl", hash = "sha256:d11fa02f77752d8099573d64e5fe33de3229b6632036ec08f7080f46b6649959", size = 14151683, upload-time = "2025-06-07T14:44:28.847Z" },
    { url = "https://files.pythonhosted.org/packages/64/d5/06d4bb31bb65a1d9c419eb5676173a2f90fd8da3c59f816cc54c640ce265/numpy-2.3.0-cp313-cp313-macosx_14_0_arm64.whl", hash = "sha256:aba48d17e87688a765ab1cd557882052f238e2f36545dfa8e29e6a91aef77afe", size = 5102683, upload-time = "2025-06-07T14:44:38.417Z" },
    { url = "https://files.pythonhosted.org/packages/12/8b/6c2cef44f8ccdc231f6b56013dff1d71138c48124334aded36b1a1b30c5a/numpy-2.3.0-cp313-cp313-macosx_14_0_x86_64.whl", hash = "sha256:4dc58865623023b63b10d52f18abaac3729346a7a46a778381e0e3af4b7f3beb", size = 6640253, upload-time = "2025-06-07T14:44:49.359Z" },
    { url = "https://files.pythonhosted.org/packages/62/aa/fca4bf8de3396ddb59544df9b75ffe5b73096174de97a9492d426f5cd4aa/numpy-2.3.0-cp313-cp313-manylinux_2_28_aarch64.whl", hash = "sha256:df470d376f54e052c76517393fa443758fefcdd634645bc9c1f84eafc67087f0", size = 14258658, upload-time = "2025-06-07T14:45:10.156Z" },
    { url = "https://files.pythonhosted.org/packages/1c/12/734dce1087eed1875f2297f687e671cfe53a091b6f2f55f0c7241aad041b/numpy-2.3.0-cp313-cp313-manylinux_2_28_x86_64.whl", hash = "sha256:87717eb24d4a8a64683b7a4e91ace04e2f5c7c77872f823f02a94feee186168f", size = 16628765, upload-time = "2025-06-07T14:45:35.076Z" },
    { url = "https://files.pythonhosted.org/packages/48/03/ffa41ade0e825cbcd5606a5669962419528212a16082763fc051a7247d76/numpy-2.3.0-cp313-cp313-musllinux_1_2_aarch64.whl", hash = "sha256:d8fa264d56882b59dcb5ea4d6ab6f31d0c58a57b41aec605848b6eb2ef4a43e8", size = 15564335, upload-time = "2025-06-07T14:45:58.797Z" },
    { url = "https://files.pythonhosted.org/packages/07/58/869398a11863310aee0ff85a3e13b4c12f20d032b90c4b3ee93c3b728393/numpy-2.3.0-cp313-cp313-musllinux_1_2_x86_64.whl", hash = "sha256:e651756066a0eaf900916497e20e02fe1ae544187cb0fe88de981671ee7f6270", size = 18360608, upload-time = "2025-06-07T14:46:25.687Z" },
    { url = "https://files.pythonhosted.org/packages/2f/8a/5756935752ad278c17e8a061eb2127c9a3edf4ba2c31779548b336f23c8d/numpy-2.3.0-cp313-cp313-win32.whl", hash = "sha256:e43c3cce3b6ae5f94696669ff2a6eafd9a6b9332008bafa4117af70f4b88be6f", size = 6310005, upload-time = "2025-06-07T14:50:13.138Z" },
    { url = "https://files.pythonhosted.org/packages/08/60/61d60cf0dfc0bf15381eaef46366ebc0c1a787856d1db0c80b006092af84/numpy-2.3.0-cp313-cp313-win_amd64.whl", hash = "sha256:81ae0bf2564cf475f94be4a27ef7bcf8af0c3e28da46770fc904da9abd5279b5", size = 12729093, upload-time = "2025-06-07T14:50:31.82Z" },
    { url = "https://files.pythonhosted.org/packages/66/31/2f2f2d2b3e3c32d5753d01437240feaa32220b73258c9eef2e42a0832866/numpy-2.3.0-cp313-cp313-win_arm64.whl", hash = "sha256:c8738baa52505fa6e82778580b23f945e3578412554d937093eac9205e845e6e", size = 9885689, upload-time = "2025-06-07T14:50:47.888Z" },
    { url = "https://files.pythonhosted.org/packages/f1/89/c7828f23cc50f607ceb912774bb4cff225ccae7131c431398ad8400e2c98/numpy-2.3.0-cp313-cp313t-macosx_10_13_x86_64.whl", hash = "sha256:39b27d8b38942a647f048b675f134dd5a567f95bfff481f9109ec308515c51d8", size = 20986612, upload-time = "2025-06-07T14:46:56.077Z" },
    { url = "https://files.pythonhosted.org/packages/dd/46/79ecf47da34c4c50eedec7511e53d57ffdfd31c742c00be7dc1d5ffdb917/numpy-2.3.0-cp313-cp313t-macosx_11_0_arm64.whl", hash = "sha256:0eba4a1ea88f9a6f30f56fdafdeb8da3774349eacddab9581a21234b8535d3d3", size = 14298953, upload-time = "2025-06-07T14:47:18.053Z" },
    { url = "https://files.pythonhosted.org/packages/59/44/f6caf50713d6ff4480640bccb2a534ce1d8e6e0960c8f864947439f0ee95/numpy-2.3.0-cp313-cp313t-macosx_14_0_arm64.whl", hash = "sha256:b0f1f11d0a1da54927436505a5a7670b154eac27f5672afc389661013dfe3d4f", size = 5225806, upload-time = "2025-06-07T14:47:27.524Z" },
    { url = "https://files.pythonhosted.org/packages/a6/43/e1fd1aca7c97e234dd05e66de4ab7a5be54548257efcdd1bc33637e72102/numpy-2.3.0-cp313-cp313t-macosx_14_0_x86_64.whl", hash = "sha256:690d0a5b60a47e1f9dcec7b77750a4854c0d690e9058b7bef3106e3ae9117808", size = 6735169, upload-time = "2025-06-07T14:47:38.057Z" },
    { url = "https://files.pythonhosted.org/packages/84/89/f76f93b06a03177c0faa7ca94d0856c4e5c4bcaf3c5f77640c9ed0303e1c/numpy-2.3.0-cp313-cp313t-manylinux_2_28_aarch64.whl", hash = "sha256:8b51ead2b258284458e570942137155978583e407babc22e3d0ed7af33ce06f8", size = 14330701, upload-time = "2025-06-07T14:47:59.113Z" },
    { url = "https://files.pythonhosted.org/packages/aa/f5/4858c3e9ff7a7d64561b20580cf7cc5d085794bd465a19604945d6501f6c/numpy-2.3.0-cp313-cp313t-manylinux_2_28_x86_64.whl", hash = "sha256:aaf81c7b82c73bd9b45e79cfb9476cb9c29e937494bfe9092c26aece812818ad", size = 16692983, upload-time = "2025-06-07T14:48:24.196Z" },
    { url = "https://files.pythonhosted.org/packages/08/17/0e3b4182e691a10e9483bcc62b4bb8693dbf9ea5dc9ba0b77a60435074bb/numpy-2.3.0-cp313-cp313t-musllinux_1_2_aarch64.whl", hash = "sha256:f420033a20b4f6a2a11f585f93c843ac40686a7c3fa514060a97d9de93e5e72b", size = 15641435, upload-time = "2025-06-07T14:48:47.712Z" },
    { url = "https://files.pythonhosted.org/packages/4e/d5/463279fda028d3c1efa74e7e8d507605ae87f33dbd0543cf4c4527c8b882/numpy-2.3.0-cp313-cp313t-musllinux_1_2_x86_64.whl", hash = "sha256:d344ca32ab482bcf8735d8f95091ad081f97120546f3d250240868430ce52555", size = 18433798, upload-time = "2025-06-07T14:49:14.866Z" },
    { url = "https://files.pythonhosted.org/packages/0e/1e/7a9d98c886d4c39a2b4d3a7c026bffcf8fbcaf518782132d12a301cfc47a/numpy-2.3.0-cp313-cp313t-win32.whl", hash = "sha256:48a2e8eaf76364c32a1feaa60d6925eaf32ed7a040183b807e02674305beef61", size = 6438632, upload-time = "2025-06-07T14:49:25.67Z" },
    { url = "https://files.pythonhosted.org/packages/fe/ab/66fc909931d5eb230107d016861824f335ae2c0533f422e654e5ff556784/numpy-2.3.0-cp313-cp313t-win_amd64.whl", hash = "sha256:ba17f93a94e503551f154de210e4d50c5e3ee20f7e7a1b5f6ce3f22d419b93bb", size = 12868491, upload-time = "2025-06-07T14:49:44.898Z" },
    { url = "https://files.pythonhosted.org/packages/ee/e8/2c8a1c9e34d6f6d600c83d5ce5b71646c32a13f34ca5c518cc060639841c/numpy-2.3.0-cp313-cp313t-win_arm64.whl", hash = "sha256:f14e016d9409680959691c109be98c436c6249eaf7f118b424679793607b5944", size = 9935345, upload-time = "2025-06-07T14:50:02.311Z" },
]

[[package]]
name = "polars"
version = "1.30.0"
source = { registry = "https://pypi.org/simple" }
sdist = { url = "https://files.pythonhosted.org/packages/82/b6/8dbdf626c0705a57f052708c9fc0860ffc2aa97955930d5faaf6a66fcfd3/polars-1.30.0.tar.gz", hash = "sha256:dfe94ae84a5efd9ba74e616e3e125b24ca155494a931890a8f17480737c4db45", size = 4668318, upload-time = "2025-05-21T13:33:24.175Z" }
wheels = [
    { url = "https://files.pythonhosted.org/packages/40/48/e9b2cb379abcc9f7aff2e701098fcdb9fe6d85dc4ad4cec7b35d39c70951/polars-1.30.0-cp39-abi3-macosx_10_12_x86_64.whl", hash = "sha256:4c33bc97c29b7112f0e689a2f8a33143973a3ff466c70b25c7fd1880225de6dd", size = 35704342, upload-time = "2025-05-21T13:32:22.996Z" },
    { url = "https://files.pythonhosted.org/packages/36/ca/f545f61282f75eea4dfde4db2944963dcd59abd50c20e33a1c894da44dad/polars-1.30.0-cp39-abi3-macosx_11_0_arm64.whl", hash = "sha256:e3d05914c364b8e39a5b10dcf97e84d76e516b3b1693880bf189a93aab3ca00d", size = 32459857, upload-time = "2025-05-21T13:32:27.728Z" },
    { url = "https://files.pythonhosted.org/packages/76/20/e018cd87d7cb6f8684355f31f4e193222455a6e8f7b942f4a2934f5969c7/polars-1.30.0-cp39-abi3-manylinux_2_17_x86_64.manylinux2014_x86_64.whl", hash = "sha256:1a52af3862082b868c1febeae650af8ae8a2105d2cb28f0449179a7b44f54ccf", size = 36267243, upload-time = "2025-05-21T13:32:31.796Z" },
    { url = "https://files.pythonhosted.org/packages/cb/e7/b88b973021be07b13d91b9301cc14392c994225ef5107a32a8ffd3fd6424/polars-1.30.0-cp39-abi3-manylinux_2_24_aarch64.whl", hash = "sha256:ffb3ef133454275d4254442257c5f71dd6e393ce365c97997dadeb6fa9d6d4b5", size = 33416871, upload-time = "2025-05-21T13:32:35.077Z" },
    { url = "https://files.pythonhosted.org/packages/dd/7c/d46d4381adeac537b8520b653dc30cb8b7edbf59883d71fbb989e9005de1/polars-1.30.0-cp39-abi3-win_amd64.whl", hash = "sha256:c26b633a9bd530c5fc09d317fca3bb3e16c772bd7df7549a9d8ec1934773cc5d", size = 36363630, upload-time = "2025-05-21T13:32:38.286Z" },
    { url = "https://files.pythonhosted.org/packages/fb/b5/5056d0c12aadb57390d0627492bef8b1abf3549474abb9ae0fd4e2bfa885/polars-1.30.0-cp39-abi3-win_arm64.whl", hash = "sha256:476f1bde65bc7b4d9f80af370645c2981b5798d67c151055e58534e89e96f2a8", size = 32643590, upload-time = "2025-05-21T13:32:42.107Z" },
]

[[package]]
name = "pygments"
version = "2.19.1"
source = { registry = "https://pypi.org/simple" }
sdist = { url = "https://files.pythonhosted.org/packages/7c/2d/c3338d48ea6cc0feb8446d8e6937e1408088a72a39937982cc6111d17f84/pygments-2.19.1.tar.gz", hash = "sha256:61c16d2a8576dc0649d9f39e089b5f02bcd27fba10d8fb4dcc28173f7a45151f", size = 4968581, upload-time = "2025-01-06T17:26:30.443Z" }
wheels = [
    { url = "https://files.pythonhosted.org/packages/8a/0b/9fcc47d19c48b59121088dd6da2488a49d5f72dacf8262e2790a1d2c7d15/pygments-2.19.1-py3-none-any.whl", hash = "sha256:9ea1544ad55cecf4b8242fab6dd35a93bbce657034b0611ee383099054ab6d8c", size = 1225293, upload-time = "2025-01-06T17:26:25.553Z" },
]

[[package]]
name = "regex"
version = "2024.11.6"
source = { registry = "https://pypi.org/simple" }
sdist = { url = "https://files.pythonhosted.org/packages/8e/5f/bd69653fbfb76cf8604468d3b4ec4c403197144c7bfe0e6a5fc9e02a07cb/regex-2024.11.6.tar.gz", hash = "sha256:7ab159b063c52a0333c884e4679f8d7a85112ee3078fe3d9004b2dd875585519", size = 399494, upload-time = "2024-11-06T20:12:31.635Z" }
wheels = [
    { url = "https://files.pythonhosted.org/packages/ba/30/9a87ce8336b172cc232a0db89a3af97929d06c11ceaa19d97d84fa90a8f8/regex-2024.11.6-cp312-cp312-macosx_10_13_universal2.whl", hash = "sha256:52fb28f528778f184f870b7cf8f225f5eef0a8f6e3778529bdd40c7b3920796a", size = 483781, upload-time = "2024-11-06T20:10:07.07Z" },
    { url = "https://files.pythonhosted.org/packages/01/e8/00008ad4ff4be8b1844786ba6636035f7ef926db5686e4c0f98093612add/regex-2024.11.6-cp312-cp312-macosx_10_13_x86_64.whl", hash = "sha256:fdd6028445d2460f33136c55eeb1f601ab06d74cb3347132e1c24250187500d9", size = 288455, upload-time = "2024-11-06T20:10:09.117Z" },
    { url = "https://files.pythonhosted.org/packages/60/85/cebcc0aff603ea0a201667b203f13ba75d9fc8668fab917ac5b2de3967bc/regex-2024.11.6-cp312-cp312-macosx_11_0_arm64.whl", hash = "sha256:805e6b60c54bf766b251e94526ebad60b7de0c70f70a4e6210ee2891acb70bf2", size = 284759, upload-time = "2024-11-06T20:10:11.155Z" },
    { url = "https://files.pythonhosted.org/packages/94/2b/701a4b0585cb05472a4da28ee28fdfe155f3638f5e1ec92306d924e5faf0/regex-2024.11.6-cp312-cp312-manylinux_2_17_aarch64.manylinux2014_aarch64.whl", hash = "sha256:b85c2530be953a890eaffde05485238f07029600e8f098cdf1848d414a8b45e4", size = 794976, upload-time = "2024-11-06T20:10:13.24Z" },
    { url = "https://files.pythonhosted.org/packages/4b/bf/fa87e563bf5fee75db8915f7352e1887b1249126a1be4813837f5dbec965/regex-2024.11.6-cp312-cp312-manylinux_2_17_ppc64le.manylinux2014_ppc64le.whl", hash = "sha256:bb26437975da7dc36b7efad18aa9dd4ea569d2357ae6b783bf1118dabd9ea577", size = 833077, upload-time = "2024-11-06T20:10:15.37Z" },
    { url = "https://files.pythonhosted.org/packages/a1/56/7295e6bad94b047f4d0834e4779491b81216583c00c288252ef625c01d23/regex-2024.11.6-cp312-cp312-manylinux_2_17_s390x.manylinux2014_s390x.whl", hash = "sha256:abfa5080c374a76a251ba60683242bc17eeb2c9818d0d30117b4486be10c59d3", size = 823160, upload-time = "2024-11-06T20:10:19.027Z" },
    { url = "https://files.pythonhosted.org/packages/fb/13/e3b075031a738c9598c51cfbc4c7879e26729c53aa9cca59211c44235314/regex-2024.11.6-cp312-cp312-manylinux_2_17_x86_64.manylinux2014_x86_64.whl", hash = "sha256:70b7fa6606c2881c1db9479b0eaa11ed5dfa11c8d60a474ff0e095099f39d98e", size = 796896, upload-time = "2024-11-06T20:10:21.85Z" },
    { url = "https://files.pythonhosted.org/packages/24/56/0b3f1b66d592be6efec23a795b37732682520b47c53da5a32c33ed7d84e3/regex-2024.11.6-cp312-cp312-manylinux_2_5_i686.manylinux1_i686.manylinux_2_17_i686.manylinux2014_i686.whl", hash = "sha256:0c32f75920cf99fe6b6c539c399a4a128452eaf1af27f39bce8909c9a3fd8cbe", size = 783997, upload-time = "2024-11-06T20:10:24.329Z" },
    { url = "https://files.pythonhosted.org/packages/f9/a1/eb378dada8b91c0e4c5f08ffb56f25fcae47bf52ad18f9b2f33b83e6d498/regex-2024.11.6-cp312-cp312-musllinux_1_2_aarch64.whl", hash = "sha256:982e6d21414e78e1f51cf595d7f321dcd14de1f2881c5dc6a6e23bbbbd68435e", size = 781725, upload-time = "2024-11-06T20:10:28.067Z" },
    { url = "https://files.pythonhosted.org/packages/83/f2/033e7dec0cfd6dda93390089864732a3409246ffe8b042e9554afa9bff4e/regex-2024.11.6-cp312-cp312-musllinux_1_2_i686.whl", hash = "sha256:a7c2155f790e2fb448faed6dd241386719802296ec588a8b9051c1f5c481bc29", size = 789481, upload-time = "2024-11-06T20:10:31.612Z" },
    { url = "https://files.pythonhosted.org/packages/83/23/15d4552ea28990a74e7696780c438aadd73a20318c47e527b47a4a5a596d/regex-2024.11.6-cp312-cp312-musllinux_1_2_ppc64le.whl", hash = "sha256:149f5008d286636e48cd0b1dd65018548944e495b0265b45e1bffecce1ef7f39", size = 852896, upload-time = "2024-11-06T20:10:34.054Z" },
    { url = "https://files.pythonhosted.org/packages/e3/39/ed4416bc90deedbfdada2568b2cb0bc1fdb98efe11f5378d9892b2a88f8f/regex-2024.11.6-cp312-cp312-musllinux_1_2_s390x.whl", hash = "sha256:e5364a4502efca094731680e80009632ad6624084aff9a23ce8c8c6820de3e51", size = 860138, upload-time = "2024-11-06T20:10:36.142Z" },
    { url = "https://files.pythonhosted.org/packages/93/2d/dd56bb76bd8e95bbce684326302f287455b56242a4f9c61f1bc76e28360e/regex-2024.11.6-cp312-cp312-musllinux_1_2_x86_64.whl", hash = "sha256:0a86e7eeca091c09e021db8eb72d54751e527fa47b8d5787caf96d9831bd02ad", size = 787692, upload-time = "2024-11-06T20:10:38.394Z" },
    { url = "https://files.pythonhosted.org/packages/0b/55/31877a249ab7a5156758246b9c59539abbeba22461b7d8adc9e8475ff73e/regex-2024.11.6-cp312-cp312-win32.whl", hash = "sha256:32f9a4c643baad4efa81d549c2aadefaeba12249b2adc5af541759237eee1c54", size = 262135, upload-time = "2024-11-06T20:10:40.367Z" },
    { url = "https://files.pythonhosted.org/packages/38/ec/ad2d7de49a600cdb8dd78434a1aeffe28b9d6fc42eb36afab4a27ad23384/regex-2024.11.6-cp312-cp312-win_amd64.whl", hash = "sha256:a93c194e2df18f7d264092dc8539b8ffb86b45b899ab976aa15d48214138e81b", size = 273567, upload-time = "2024-11-06T20:10:43.467Z" },
    { url = "https://files.pythonhosted.org/packages/90/73/bcb0e36614601016552fa9344544a3a2ae1809dc1401b100eab02e772e1f/regex-2024.11.6-cp313-cp313-macosx_10_13_universal2.whl", hash = "sha256:a6ba92c0bcdf96cbf43a12c717eae4bc98325ca3730f6b130ffa2e3c3c723d84", size = 483525, upload-time = "2024-11-06T20:10:45.19Z" },
    { url = "https://files.pythonhosted.org/packages/0f/3f/f1a082a46b31e25291d830b369b6b0c5576a6f7fb89d3053a354c24b8a83/regex-2024.11.6-cp313-cp313-macosx_10_13_x86_64.whl", hash = "sha256:525eab0b789891ac3be914d36893bdf972d483fe66551f79d3e27146191a37d4", size = 288324, upload-time = "2024-11-06T20:10:47.177Z" },
    { url = "https://files.pythonhosted.org/packages/09/c9/4e68181a4a652fb3ef5099e077faf4fd2a694ea6e0f806a7737aff9e758a/regex-2024.11.6-cp313-cp313-macosx_11_0_arm64.whl", hash = "sha256:086a27a0b4ca227941700e0b31425e7a28ef1ae8e5e05a33826e17e47fbfdba0", size = 284617, upload-time = "2024-11-06T20:10:49.312Z" },
    { url = "https://files.pythonhosted.org/packages/fc/fd/37868b75eaf63843165f1d2122ca6cb94bfc0271e4428cf58c0616786dce/regex-2024.11.6-cp313-cp313-manylinux_2_17_aarch64.manylinux2014_aarch64.whl", hash = "sha256:bde01f35767c4a7899b7eb6e823b125a64de314a8ee9791367c9a34d56af18d0", size = 795023, upload-time = "2024-11-06T20:10:51.102Z" },
    { url = "https://files.pythonhosted.org/packages/c4/7c/d4cd9c528502a3dedb5c13c146e7a7a539a3853dc20209c8e75d9ba9d1b2/regex-2024.11.6-cp313-cp313-manylinux_2_17_ppc64le.manylinux2014_ppc64le.whl", hash = "sha256:b583904576650166b3d920d2bcce13971f6f9e9a396c673187f49811b2769dc7", size = 833072, upload-time = "2024-11-06T20:10:52.926Z" },
    { url = "https://files.pythonhosted.org/packages/4f/db/46f563a08f969159c5a0f0e722260568425363bea43bb7ae370becb66a67/regex-2024.11.6-cp313-cp313-manylinux_2_17_s390x.manylinux2014_s390x.whl", hash = "sha256:1c4de13f06a0d54fa0d5ab1b7138bfa0d883220965a29616e3ea61b35d5f5fc7", size = 823130, upload-time = "2024-11-06T20:10:54.828Z" },
    { url = "https://files.pythonhosted.org/packages/db/60/1eeca2074f5b87df394fccaa432ae3fc06c9c9bfa97c5051aed70e6e00c2/regex-2024.11.6-cp313-cp313-manylinux_2_17_x86_64.manylinux2014_x86_64.whl", hash = "sha256:3cde6e9f2580eb1665965ce9bf17ff4952f34f5b126beb509fee8f4e994f143c", size = 796857, upload-time = "2024-11-06T20:10:56.634Z" },
    { url = "https://files.pythonhosted.org/packages/10/db/ac718a08fcee981554d2f7bb8402f1faa7e868c1345c16ab1ebec54b0d7b/regex-2024.11.6-cp313-cp313-manylinux_2_5_i686.manylinux1_i686.manylinux_2_17_i686.manylinux2014_i686.whl", hash = "sha256:0d7f453dca13f40a02b79636a339c5b62b670141e63efd511d3f8f73fba162b3", size = 784006, upload-time = "2024-11-06T20:10:59.369Z" },
    { url = "https://files.pythonhosted.org/packages/c2/41/7da3fe70216cea93144bf12da2b87367590bcf07db97604edeea55dac9ad/regex-2024.11.6-cp313-cp313-musllinux_1_2_aarch64.whl", hash = "sha256:59dfe1ed21aea057a65c6b586afd2a945de04fc7db3de0a6e3ed5397ad491b07", size = 781650, upload-time = "2024-11-06T20:11:02.042Z" },
    { url = "https://files.pythonhosted.org/packages/a7/d5/880921ee4eec393a4752e6ab9f0fe28009435417c3102fc413f3fe81c4e5/regex-2024.11.6-cp313-cp313-musllinux_1_2_i686.whl", hash = "sha256:b97c1e0bd37c5cd7902e65f410779d39eeda155800b65fc4d04cc432efa9bc6e", size = 789545, upload-time = "2024-11-06T20:11:03.933Z" },
    { url = "https://files.pythonhosted.org/packages/dc/96/53770115e507081122beca8899ab7f5ae28ae790bfcc82b5e38976df6a77/regex-2024.11.6-cp313-cp313-musllinux_1_2_ppc64le.whl", hash = "sha256:f9d1e379028e0fc2ae3654bac3cbbef81bf3fd571272a42d56c24007979bafb6", size = 853045, upload-time = "2024-11-06T20:11:06.497Z" },
    { url = "https://files.pythonhosted.org/packages/31/d3/1372add5251cc2d44b451bd94f43b2ec78e15a6e82bff6a290ef9fd8f00a/regex-2024.11.6-cp313-cp313-musllinux_1_2_s390x.whl", hash = "sha256:13291b39131e2d002a7940fb176e120bec5145f3aeb7621be6534e46251912c4", size = 860182, upload-time = "2024-11-06T20:11:09.06Z" },
    { url = "https://files.pythonhosted.org/packages/ed/e3/c446a64984ea9f69982ba1a69d4658d5014bc7a0ea468a07e1a1265db6e2/regex-2024.11.6-cp313-cp313-musllinux_1_2_x86_64.whl", hash = "sha256:4f51f88c126370dcec4908576c5a627220da6c09d0bff31cfa89f2523843316d", size = 787733, upload-time = "2024-11-06T20:11:11.256Z" },
    { url = "https://files.pythonhosted.org/packages/2b/f1/e40c8373e3480e4f29f2692bd21b3e05f296d3afebc7e5dcf21b9756ca1c/regex-2024.11.6-cp313-cp313-win32.whl", hash = "sha256:63b13cfd72e9601125027202cad74995ab26921d8cd935c25f09c630436348ff", size = 262122, upload-time = "2024-11-06T20:11:13.161Z" },
    { url = "https://files.pythonhosted.org/packages/45/94/bc295babb3062a731f52621cdc992d123111282e291abaf23faa413443ea/regex-2024.11.6-cp313-cp313-win_amd64.whl", hash = "sha256:2b3361af3198667e99927da8b84c1b010752fa4b1115ee30beaa332cabc3ef1a", size = 273545, upload-time = "2024-11-06T20:11:15Z" },
]

[[package]]
name = "rich"
version = "14.0.0"
source = { registry = "https://pypi.org/simple" }
dependencies = [
    { name = "markdown-it-py" },
    { name = "pygments" },
]
sdist = { url = "https://files.pythonhosted.org/packages/a1/53/830aa4c3066a8ab0ae9a9955976fb770fe9c6102117c8ec4ab3ea62d89e8/rich-14.0.0.tar.gz", hash = "sha256:82f1bc23a6a21ebca4ae0c45af9bdbc492ed20231dcb63f297d6d1021a9d5725", size = 224078, upload-time = "2025-03-30T14:15:14.23Z" }
wheels = [
    { url = "https://files.pythonhosted.org/packages/0d/9b/63f4c7ebc259242c89b3acafdb37b41d1185c07ff0011164674e9076b491/rich-14.0.0-py3-none-any.whl", hash = "sha256:1c9491e1951aac09caffd42f448ee3d04e58923ffe14993f6e83068dc395d7e0", size = 243229, upload-time = "2025-03-30T14:15:12.283Z" },
]

[[package]]
name = "ruff"
version = "0.11.11"
source = { registry = "https://pypi.org/simple" }
sdist = { url = "https://files.pythonhosted.org/packages/b2/53/ae4857030d59286924a8bdb30d213d6ff22d8f0957e738d0289990091dd8/ruff-0.11.11.tar.gz", hash = "sha256:7774173cc7c1980e6bf67569ebb7085989a78a103922fb83ef3dfe230cd0687d", size = 4186707, upload-time = "2025-05-22T19:19:34.363Z" }
wheels = [
    { url = "https://files.pythonhosted.org/packages/b1/14/f2326676197bab099e2a24473158c21656fbf6a207c65f596ae15acb32b9/ruff-0.11.11-py3-none-linux_armv6l.whl", hash = "sha256:9924e5ae54125ed8958a4f7de320dab7380f6e9fa3195e3dc3b137c6842a0092", size = 10229049, upload-time = "2025-05-22T19:18:45.516Z" },
    { url = "https://files.pythonhosted.org/packages/9a/f3/bff7c92dd66c959e711688b2e0768e486bbca46b2f35ac319bb6cce04447/ruff-0.11.11-py3-none-macosx_10_12_x86_64.whl", hash = "sha256:c8a93276393d91e952f790148eb226658dd275cddfde96c6ca304873f11d2ae4", size = 11053601, upload-time = "2025-05-22T19:18:49.269Z" },
    { url = "https://files.pythonhosted.org/packages/e2/38/8e1a3efd0ef9d8259346f986b77de0f62c7a5ff4a76563b6b39b68f793b9/ruff-0.11.11-py3-none-macosx_11_0_arm64.whl", hash = "sha256:d6e333dbe2e6ae84cdedefa943dfd6434753ad321764fd937eef9d6b62022bcd", size = 10367421, upload-time = "2025-05-22T19:18:51.754Z" },
    { url = "https://files.pythonhosted.org/packages/b4/50/557ad9dd4fb9d0bf524ec83a090a3932d284d1a8b48b5906b13b72800e5f/ruff-0.11.11-py3-none-manylinux_2_17_aarch64.manylinux2014_aarch64.whl", hash = "sha256:7885d9a5e4c77b24e8c88aba8c80be9255fa22ab326019dac2356cff42089fc6", size = 10581980, upload-time = "2025-05-22T19:18:54.011Z" },
    { url = "https://files.pythonhosted.org/packages/c4/b2/e2ed82d6e2739ece94f1bdbbd1d81b712d3cdaf69f0a1d1f1a116b33f9ad/ruff-0.11.11-py3-none-manylinux_2_17_armv7l.manylinux2014_armv7l.whl", hash = "sha256:1b5ab797fcc09121ed82e9b12b6f27e34859e4227080a42d090881be888755d4", size = 10089241, upload-time = "2025-05-22T19:18:56.041Z" },
    { url = "https://files.pythonhosted.org/packages/3d/9f/b4539f037a5302c450d7c695c82f80e98e48d0d667ecc250e6bdeb49b5c3/ruff-0.11.11-py3-none-manylinux_2_17_i686.manylinux2014_i686.whl", hash = "sha256:e231ff3132c1119ece836487a02785f099a43992b95c2f62847d29bace3c75ac", size = 11699398, upload-time = "2025-05-22T19:18:58.248Z" },
    { url = "https://files.pythonhosted.org/packages/61/fb/32e029d2c0b17df65e6eaa5ce7aea5fbeaed22dddd9fcfbbf5fe37c6e44e/ruff-0.11.11-py3-none-manylinux_2_17_ppc64.manylinux2014_ppc64.whl", hash = "sha256:a97c9babe1d4081037a90289986925726b802d180cca784ac8da2bbbc335f709", size = 12427955, upload-time = "2025-05-22T19:19:00.981Z" },
    { url = "https://files.pythonhosted.org/packages/6e/e3/160488dbb11f18c8121cfd588e38095ba779ae208292765972f7732bfd95/ruff-0.11.11-py3-none-manylinux_2_17_ppc64le.manylinux2014_ppc64le.whl", hash = "sha256:d8c4ddcbe8a19f59f57fd814b8b117d4fcea9bee7c0492e6cf5fdc22cfa563c8", size = 12069803, upload-time = "2025-05-22T19:19:03.258Z" },
    { url = "https://files.pythonhosted.org/packages/ff/16/3b006a875f84b3d0bff24bef26b8b3591454903f6f754b3f0a318589dcc3/ruff-0.11.11-py3-none-manylinux_2_17_s390x.manylinux2014_s390x.whl", hash = "sha256:6224076c344a7694c6fbbb70d4f2a7b730f6d47d2a9dc1e7f9d9bb583faf390b", size = 11242630, upload-time = "2025-05-22T19:19:05.871Z" },
    { url = "https://files.pythonhosted.org/packages/65/0d/0338bb8ac0b97175c2d533e9c8cdc127166de7eb16d028a43c5ab9e75abd/ruff-0.11.11-py3-none-manylinux_2_17_x86_64.manylinux2014_x86_64.whl", hash = "sha256:882821fcdf7ae8db7a951df1903d9cb032bbe838852e5fc3c2b6c3ab54e39875", size = 11507310, upload-time = "2025-05-22T19:19:08.584Z" },
    { url = "https://files.pythonhosted.org/packages/6f/bf/d7130eb26174ce9b02348b9f86d5874eafbf9f68e5152e15e8e0a392e4a3/ruff-0.11.11-py3-none-musllinux_1_2_aarch64.whl", hash = "sha256:dcec2d50756463d9df075a26a85a6affbc1b0148873da3997286caf1ce03cae1", size = 10441144, upload-time = "2025-05-22T19:19:13.621Z" },
    { url = "https://files.pythonhosted.org/packages/b3/f3/4be2453b258c092ff7b1761987cf0749e70ca1340cd1bfb4def08a70e8d8/ruff-0.11.11-py3-none-musllinux_1_2_armv7l.whl", hash = "sha256:99c28505ecbaeb6594701a74e395b187ee083ee26478c1a795d35084d53ebd81", size = 10081987, upload-time = "2025-05-22T19:19:15.821Z" },
    { url = "https://files.pythonhosted.org/packages/6c/6e/dfa4d2030c5b5c13db158219f2ec67bf333e8a7748dccf34cfa2a6ab9ebc/ruff-0.11.11-py3-none-musllinux_1_2_i686.whl", hash = "sha256:9263f9e5aa4ff1dec765e99810f1cc53f0c868c5329b69f13845f699fe74f639", size = 11073922, upload-time = "2025-05-22T19:19:18.104Z" },
    { url = "https://files.pythonhosted.org/packages/ff/f4/f7b0b0c3d32b593a20ed8010fa2c1a01f2ce91e79dda6119fcc51d26c67b/ruff-0.11.11-py3-none-musllinux_1_2_x86_64.whl", hash = "sha256:64ac6f885e3ecb2fdbb71de2701d4e34526651f1e8503af8fb30d4915a3fe345", size = 11568537, upload-time = "2025-05-22T19:19:20.889Z" },
    { url = "https://files.pythonhosted.org/packages/d2/46/0e892064d0adc18bcc81deed9aaa9942a27fd2cd9b1b7791111ce468c25f/ruff-0.11.11-py3-none-win32.whl", hash = "sha256:1adcb9a18802268aaa891ffb67b1c94cd70578f126637118e8099b8e4adcf112", size = 10536492, upload-time = "2025-05-22T19:19:23.642Z" },
    { url = "https://files.pythonhosted.org/packages/1b/d9/232e79459850b9f327e9f1dc9c047a2a38a6f9689e1ec30024841fc4416c/ruff-0.11.11-py3-none-win_amd64.whl", hash = "sha256:748b4bb245f11e91a04a4ff0f96e386711df0a30412b9fe0c74d5bdc0e4a531f", size = 11612562, upload-time = "2025-05-22T19:19:27.013Z" },
    { url = "https://files.pythonhosted.org/packages/ce/eb/09c132cff3cc30b2e7244191dcce69437352d6d6709c0adf374f3e6f476e/ruff-0.11.11-py3-none-win_arm64.whl", hash = "sha256:6c51f136c0364ab1b774767aa8b86331bd8e9d414e2d107db7a2189f35ea1f7b", size = 10735951, upload-time = "2025-05-22T19:19:30.043Z" },
]

[[package]]
name = "xopen"
version = "2.0.2"
source = { registry = "https://pypi.org/simple" }
dependencies = [
    { name = "isal", marker = "platform_machine == 'AMD64' or platform_machine == 'aarch64' or platform_machine == 'x86_64'" },
    { name = "zlib-ng", marker = "platform_machine == 'AMD64' or platform_machine == 'aarch64' or platform_machine == 'x86_64'" },
]
sdist = { url = "https://files.pythonhosted.org/packages/47/01/0abf3e42bb1bf15ce24e4b235b1274e0c3c9ba8e3bbf2300b6323e6f50c1/xopen-2.0.2.tar.gz", hash = "sha256:f19d83de470f5a81725df0140180ec71d198311a1d7dad48f5467b4ad5df6154", size = 32224, upload-time = "2024-06-12T05:19:11.513Z" }
wheels = [
    { url = "https://files.pythonhosted.org/packages/f6/03/c9108ceffdb75f69e1c3bf5d2baadd124acc12ab0a61fb961c66f2b124fd/xopen-2.0.2-py3-none-any.whl", hash = "sha256:74e7f7fb7e7f42bd843c798595fa5a52086d7d1bf3de0e8513c6615516431313", size = 17060, upload-time = "2024-06-12T05:19:09.834Z" },
]

[[package]]
name = "zlib-ng"
version = "0.5.1"
source = { registry = "https://pypi.org/simple" }
sdist = { url = "https://files.pythonhosted.org/packages/c4/a7/0b7673be5945071e99364a3ac1987b02fc1d416617e97f3e8816d275174e/zlib_ng-0.5.1.tar.gz", hash = "sha256:32a46649e8efc21ddd74776a55366a8d8be4e3a95b93dc1f0ffe3880718990d9", size = 2436421, upload-time = "2024-09-25T10:27:03.358Z" }
wheels = [
    { url = "https://files.pythonhosted.org/packages/58/4a/2f2f1b4f5b607bdd09683f1c597de49daf696cbd4c0949fd886a7b35f275/zlib_ng-0.5.1-cp312-cp312-macosx_10_13_x86_64.whl", hash = "sha256:5c5d5cab84a51f6373a4be4b7d0c8e7b25242820e5a2857da338a84c6616e9b8", size = 99395, upload-time = "2024-09-25T10:28:02.926Z" },
    { url = "https://files.pythonhosted.org/packages/2b/8d/6eeab2683050d2e3c978a519ce318d5dd852b8e4a73f476182f8cd67e58d/zlib_ng-0.5.1-cp312-cp312-macosx_11_0_arm64.whl", hash = "sha256:c347663989f3d3d7bb3a635da893c8a90b20b1f3edaaedb037638de3a50c8ab3", size = 91406, upload-time = "2024-09-25T08:05:20.194Z" },
    { url = "https://files.pythonhosted.org/packages/d3/6c/e3bcb9a95a523af53a6678cb45592239d0c5c10849901b5df6efd5f795ee/zlib_ng-0.5.1-cp312-cp312-manylinux_2_17_aarch64.manylinux2014_aarch64.whl", hash = "sha256:9a951c202086a004bbc9bbfa000f19a8436a3b064257981b2140c7baa0d5a6c0", size = 98762, upload-time = "2024-09-25T14:30:09.35Z" },
    { url = "https://files.pythonhosted.org/packages/b2/21/d036c34cad733dde2b4906817c7a819ba4b519bae0494a5a5511a0f1a667/zlib_ng-0.5.1-cp312-cp312-manylinux_2_17_x86_64.manylinux2014_x86_64.whl", hash = "sha256:a10b2da0890afce007d71277fb5429f563b0e1bbbda7bd91d4e156658d79a0b7", size = 108315, upload-time = "2024-09-25T10:26:48.521Z" },
    { url = "https://files.pythonhosted.org/packages/22/bb/e3a39e1aed1cd9990cf808792db1109ca9b13d58a0fdcae91acda18dc16d/zlib_ng-0.5.1-cp312-cp312-musllinux_1_2_aarch64.whl", hash = "sha256:dccd1134ecffa7b7f33ba54432ea0ef431348fd1493387bb2d06f0fc0be686e4", size = 99959, upload-time = "2024-09-25T14:30:10.848Z" },
    { url = "https://files.pythonhosted.org/packages/cd/4a/bd73034f2a675ace3f5f449c2911a20e9eb71b373df8c58bf31fc03215c7/zlib_ng-0.5.1-cp312-cp312-musllinux_1_2_x86_64.whl", hash = "sha256:54e6797933adf61f59d77485c781c30ab16abc7a293642f8563086a9613ee8f1", size = 109816, upload-time = "2024-09-25T10:26:49.478Z" },
    { url = "https://files.pythonhosted.org/packages/df/c4/c0c8ef0d741e839bd5e4aa9f1b51dfa75e29ebec6c31b10d09c8401e64d4/zlib_ng-0.5.1-cp312-cp312-win_amd64.whl", hash = "sha256:51474eedebb9a3f173bcaf7c2c05284045be1cf7daf55d8506f2cfadb66366a9", size = 88708, upload-time = "2024-09-25T10:39:24.427Z" },
    { url = "https://files.pythonhosted.org/packages/4c/88/b80a96eeaa41d3f5cd94d8010a1bcc55421257e3e2b507b2a4d16d894758/zlib_ng-0.5.1-cp313-cp313-macosx_10_13_x86_64.whl", hash = "sha256:26aa95c53e16dcb24d26f5434627e0edc779aa7857be38058c7d9fbbbf9ca9f6", size = 99403, upload-time = "2024-09-25T10:28:04.385Z" },
    { url = "https://files.pythonhosted.org/packages/3d/b1/8ac15b749af15c95d362da73d18640ec014a2c5ba7005a2bafab7d7d1c7a/zlib_ng-0.5.1-cp313-cp313-macosx_11_0_arm64.whl", hash = "sha256:9827b85093066afb1b3f8c3a662e2f6953bd1c07e7ae70a558ea6b8adcc898b9", size = 91395, upload-time = "2024-09-25T08:05:22.074Z" },
    { url = "https://files.pythonhosted.org/packages/1f/89/03e911f91bc20d89854e302a8b01c4781b7e2d7c5214b705945f793df98a/zlib_ng-0.5.1-cp313-cp313-manylinux_2_17_aarch64.manylinux2014_aarch64.whl", hash = "sha256:e19469536b5e87bf9e4f11ae1e83024b2a9fa03f251f40e63fb6e4fd4e9f5265", size = 98748, upload-time = "2024-09-25T14:30:11.844Z" },
    { url = "https://files.pythonhosted.org/packages/fb/32/29dede3b785a3064e1773045df124ac6c93d1e459b157f0b9c6a9fa85c7c/zlib_ng-0.5.1-cp313-cp313-manylinux_2_17_x86_64.manylinux2014_x86_64.whl", hash = "sha256:ace2898396a3bf4773693bc22e4f1659274551cb162335f2cae6df425b397292", size = 108307, upload-time = "2024-09-25T10:26:50.907Z" },
    { url = "https://files.pythonhosted.org/packages/e3/74/3a03409e28ac39bf3290eb2ad47e784d6b74ebcc9b3be2d7584f5e6a8248/zlib_ng-0.5.1-cp313-cp313-musllinux_1_2_aarch64.whl", hash = "sha256:49119be5d677fe78b6841944e78ab8afbc9b65ac7e2d1d32666f0ce1e4fa39d9", size = 99949, upload-time = "2024-09-25T14:30:12.792Z" },
    { url = "https://files.pythonhosted.org/packages/c0/40/f33104245e3600e747fba87d77e3bb0a201776126f88373111d76f06aa50/zlib_ng-0.5.1-cp313-cp313-musllinux_1_2_x86_64.whl", hash = "sha256:9f8bc77bbe43745e558d7a868d216826f7d8c64146111067fb7bc039df10f744", size = 109802, upload-time = "2024-09-25T10:26:52.514Z" },
    { url = "https://files.pythonhosted.org/packages/9c/77/d265078b9001ff67ecc93953d6afc87a6986f5e956de55113bb761aea785/zlib_ng-0.5.1-cp313-cp313-win_amd64.whl", hash = "sha256:677e5894ddc50e5a5ad867992744bd4dd54372afb44c4718c6417924241ddcc5", size = 88703, upload-time = "2024-09-25T10:39:25.873Z" },
]
